// !$*UTF8*$!
{
	archiveVersion = 1;
	classes = {
	};
	objectVersion = 56;
	objects = {

/* Begin PBXBuildFile section */
		4107446128C9EF6B006D5D7D /* PowerSummaryView.swift in Sources */ = {isa = PBXBuildFile; fileRef = 4107446028C9EF6B006D5D7D /* PowerSummaryView.swift */; };
		4107446328CA1C5D006D5D7D /* PowerFlowView.swift in Sources */ = {isa = PBXBuildFile; fileRef = 4107446228CA1C5D006D5D7D /* PowerFlowView.swift */; };
		4107446528CA1D76006D5D7D /* DirectionalArrow.swift in Sources */ = {isa = PBXBuildFile; fileRef = 4107446428CA1D76006D5D7D /* DirectionalArrow.swift */; };
		4107446728CA22B3006D5D7D /* InverterPath.swift in Sources */ = {isa = PBXBuildFile; fileRef = 4107446628CA22B3006D5D7D /* InverterPath.swift */; };
		4107446928CA42D2006D5D7D /* PylonView.swift in Sources */ = {isa = PBXBuildFile; fileRef = 4107446828CA42D2006D5D7D /* PylonView.swift */; };
		4107446C28CA57A9006D5D7D /* SummaryTabView.swift in Sources */ = {isa = PBXBuildFile; fileRef = 4107446B28CA57A9006D5D7D /* SummaryTabView.swift */; };
		4140144E28C70B3200EA5BA1 /* PV_StatsApp.swift in Sources */ = {isa = PBXBuildFile; fileRef = 4140144D28C70B3200EA5BA1 /* PV_StatsApp.swift */; };
		4140145028C70B3200EA5BA1 /* ContentView.swift in Sources */ = {isa = PBXBuildFile; fileRef = 4140144F28C70B3200EA5BA1 /* ContentView.swift */; };
		4140145228C70B3200EA5BA1 /* Assets.xcassets in Resources */ = {isa = PBXBuildFile; fileRef = 4140145128C70B3200EA5BA1 /* Assets.xcassets */; };
		4140145528C70B3200EA5BA1 /* Preview Assets.xcassets in Resources */ = {isa = PBXBuildFile; fileRef = 4140145428C70B3200EA5BA1 /* Preview Assets.xcassets */; };
		4140145C28C70B4A00EA5BA1 /* SummaryTabViewModel.swift in Sources */ = {isa = PBXBuildFile; fileRef = 4140145B28C70B4A00EA5BA1 /* SummaryTabViewModel.swift */; };
		4140145E28C70D1400EA5BA1 /* Config.swift in Sources */ = {isa = PBXBuildFile; fileRef = 4140145D28C70D1400EA5BA1 /* Config.swift */; };
		4140146028C70D4700EA5BA1 /* Networking.swift in Sources */ = {isa = PBXBuildFile; fileRef = 4140145F28C70D4700EA5BA1 /* Networking.swift */; };
		4140146228C7146300EA5BA1 /* Auth.swift in Sources */ = {isa = PBXBuildFile; fileRef = 4140146128C7146300EA5BA1 /* Auth.swift */; };
		4140146528C714C000EA5BA1 /* Report.swift in Sources */ = {isa = PBXBuildFile; fileRef = 4140146428C714C000EA5BA1 /* Report.swift */; };
		4140146928C7374400EA5BA1 /* HistoricalViewModel.swift in Sources */ = {isa = PBXBuildFile; fileRef = 4140146828C7374400EA5BA1 /* HistoricalViewModel.swift */; };
		4140146B28C7589800EA5BA1 /* CircularProgressView.swift in Sources */ = {isa = PBXBuildFile; fileRef = 4140146A28C7589800EA5BA1 /* CircularProgressView.swift */; };
		4140146D28C75C3B00EA5BA1 /* PowerGraph.swift in Sources */ = {isa = PBXBuildFile; fileRef = 4140146C28C75C3B00EA5BA1 /* PowerGraph.swift */; };
		4140146F28C77A3100EA5BA1 /* BatteryResponse.swift in Sources */ = {isa = PBXBuildFile; fileRef = 4140146E28C77A3100EA5BA1 /* BatteryResponse.swift */; };
		4140147128C77AAA00EA5BA1 /* BatteryViewModel.swift in Sources */ = {isa = PBXBuildFile; fileRef = 4140147028C77AAA00EA5BA1 /* BatteryViewModel.swift */; };
		41A25D3D28CA5CDF00315714 /* GraphTabView.swift in Sources */ = {isa = PBXBuildFile; fileRef = 41A25D3C28CA5CDF00315714 /* GraphTabView.swift */; };
		41A25D3F28CA5CFB00315714 /* GraphTabViewModel.swift in Sources */ = {isa = PBXBuildFile; fileRef = 41A25D3E28CA5CFB00315714 /* GraphTabViewModel.swift */; };
		41A25D4128CA6E0000315714 /* MockNetworking.swift in Sources */ = {isa = PBXBuildFile; fileRef = 41A25D4028CA6E0000315714 /* MockNetworking.swift */; };
		41A25D4328CA706700315714 /* CountdownTimer.swift in Sources */ = {isa = PBXBuildFile; fileRef = 41A25D4228CA706700315714 /* CountdownTimer.swift */; };
		41D7B12428C86E4000E14144 /* RawResponse.swift in Sources */ = {isa = PBXBuildFile; fileRef = 41D7B12328C86E4000E14144 /* RawResponse.swift */; };
/* End PBXBuildFile section */

/* Begin PBXFileReference section */
		4107446028C9EF6B006D5D7D /* PowerSummaryView.swift */ = {isa = PBXFileReference; lastKnownFileType = sourcecode.swift; path = PowerSummaryView.swift; sourceTree = "<group>"; };
		4107446228CA1C5D006D5D7D /* PowerFlowView.swift */ = {isa = PBXFileReference; lastKnownFileType = sourcecode.swift; path = PowerFlowView.swift; sourceTree = "<group>"; };
		4107446428CA1D76006D5D7D /* DirectionalArrow.swift */ = {isa = PBXFileReference; lastKnownFileType = sourcecode.swift; path = DirectionalArrow.swift; sourceTree = "<group>"; };
		4107446628CA22B3006D5D7D /* InverterPath.swift */ = {isa = PBXFileReference; lastKnownFileType = sourcecode.swift; path = InverterPath.swift; sourceTree = "<group>"; };
		4107446828CA42D2006D5D7D /* PylonView.swift */ = {isa = PBXFileReference; lastKnownFileType = sourcecode.swift; path = PylonView.swift; sourceTree = "<group>"; };
		4107446B28CA57A9006D5D7D /* SummaryTabView.swift */ = {isa = PBXFileReference; lastKnownFileType = sourcecode.swift; path = SummaryTabView.swift; sourceTree = "<group>"; };
		4140144A28C70B3200EA5BA1 /* PV Stats.app */ = {isa = PBXFileReference; explicitFileType = wrapper.application; includeInIndex = 0; path = "PV Stats.app"; sourceTree = BUILT_PRODUCTS_DIR; };
		4140144D28C70B3200EA5BA1 /* PV_StatsApp.swift */ = {isa = PBXFileReference; lastKnownFileType = sourcecode.swift; path = PV_StatsApp.swift; sourceTree = "<group>"; };
		4140144F28C70B3200EA5BA1 /* ContentView.swift */ = {isa = PBXFileReference; lastKnownFileType = sourcecode.swift; path = ContentView.swift; sourceTree = "<group>"; };
		4140145128C70B3200EA5BA1 /* Assets.xcassets */ = {isa = PBXFileReference; lastKnownFileType = folder.assetcatalog; path = Assets.xcassets; sourceTree = "<group>"; };
		4140145428C70B3200EA5BA1 /* Preview Assets.xcassets */ = {isa = PBXFileReference; lastKnownFileType = folder.assetcatalog; path = "Preview Assets.xcassets"; sourceTree = "<group>"; };
		4140145B28C70B4A00EA5BA1 /* SummaryTabViewModel.swift */ = {isa = PBXFileReference; lastKnownFileType = sourcecode.swift; path = SummaryTabViewModel.swift; sourceTree = "<group>"; };
		4140145D28C70D1400EA5BA1 /* Config.swift */ = {isa = PBXFileReference; lastKnownFileType = sourcecode.swift; path = Config.swift; sourceTree = "<group>"; };
		4140145F28C70D4700EA5BA1 /* Networking.swift */ = {isa = PBXFileReference; lastKnownFileType = sourcecode.swift; path = Networking.swift; sourceTree = "<group>"; };
		4140146128C7146300EA5BA1 /* Auth.swift */ = {isa = PBXFileReference; lastKnownFileType = sourcecode.swift; path = Auth.swift; sourceTree = "<group>"; };
		4140146428C714C000EA5BA1 /* Report.swift */ = {isa = PBXFileReference; lastKnownFileType = sourcecode.swift; path = Report.swift; sourceTree = "<group>"; };
		4140146828C7374400EA5BA1 /* HistoricalViewModel.swift */ = {isa = PBXFileReference; lastKnownFileType = sourcecode.swift; path = HistoricalViewModel.swift; sourceTree = "<group>"; };
		4140146A28C7589800EA5BA1 /* CircularProgressView.swift */ = {isa = PBXFileReference; lastKnownFileType = sourcecode.swift; path = CircularProgressView.swift; sourceTree = "<group>"; };
		4140146C28C75C3B00EA5BA1 /* PowerGraph.swift */ = {isa = PBXFileReference; lastKnownFileType = sourcecode.swift; path = PowerGraph.swift; sourceTree = "<group>"; };
		4140146E28C77A3100EA5BA1 /* BatteryResponse.swift */ = {isa = PBXFileReference; lastKnownFileType = sourcecode.swift; path = BatteryResponse.swift; sourceTree = "<group>"; };
		4140147028C77AAA00EA5BA1 /* BatteryViewModel.swift */ = {isa = PBXFileReference; lastKnownFileType = sourcecode.swift; path = BatteryViewModel.swift; sourceTree = "<group>"; };
		41A25D3C28CA5CDF00315714 /* GraphTabView.swift */ = {isa = PBXFileReference; lastKnownFileType = sourcecode.swift; path = GraphTabView.swift; sourceTree = "<group>"; };
		41A25D3E28CA5CFB00315714 /* GraphTabViewModel.swift */ = {isa = PBXFileReference; lastKnownFileType = sourcecode.swift; path = GraphTabViewModel.swift; sourceTree = "<group>"; };
		41A25D4028CA6E0000315714 /* MockNetworking.swift */ = {isa = PBXFileReference; lastKnownFileType = sourcecode.swift; path = MockNetworking.swift; sourceTree = "<group>"; };
		41A25D4228CA706700315714 /* CountdownTimer.swift */ = {isa = PBXFileReference; lastKnownFileType = sourcecode.swift; path = CountdownTimer.swift; sourceTree = "<group>"; };
		41D7B12328C86E4000E14144 /* RawResponse.swift */ = {isa = PBXFileReference; lastKnownFileType = sourcecode.swift; path = RawResponse.swift; sourceTree = "<group>"; };
/* End PBXFileReference section */

/* Begin PBXFrameworksBuildPhase section */
		4140144728C70B3200EA5BA1 /* Frameworks */ = {
			isa = PBXFrameworksBuildPhase;
			buildActionMask = 2147483647;
			files = (
			);
			runOnlyForDeploymentPostprocessing = 0;
		};
/* End PBXFrameworksBuildPhase section */

/* Begin PBXGroup section */
		4107446A28CA57A1006D5D7D /* Tabs */ = {
			isa = PBXGroup;
			children = (
				41A25D3B28CA5CBD00315714 /* Graphs */,
				41A25D3A28CA5CB700315714 /* Summary */,
			);
			path = Tabs;
			sourceTree = "<group>";
		};
		4140144128C70B3200EA5BA1 = {
			isa = PBXGroup;
			children = (
				4140144C28C70B3200EA5BA1 /* PV Stats */,
				4140144B28C70B3200EA5BA1 /* Products */,
			);
			sourceTree = "<group>";
		};
		4140144B28C70B3200EA5BA1 /* Products */ = {
			isa = PBXGroup;
			children = (
				4140144A28C70B3200EA5BA1 /* PV Stats.app */,
			);
			name = Products;
			sourceTree = "<group>";
		};
		4140144C28C70B3200EA5BA1 /* PV Stats */ = {
			isa = PBXGroup;
			children = (
				4107446A28CA57A1006D5D7D /* Tabs */,
				4140145128C70B3200EA5BA1 /* Assets.xcassets */,
				4140145D28C70D1400EA5BA1 /* Config.swift */,
				4140144F28C70B3200EA5BA1 /* ContentView.swift */,
				4140144D28C70B3200EA5BA1 /* PV_StatsApp.swift */,
				4140146728C7373A00EA5BA1 /* Models */,
				4140145F28C70D4700EA5BA1 /* Networking.swift */,
				4140146328C7146B00EA5BA1 /* NetworkModels */,
				4140145328C70B3200EA5BA1 /* Preview Content */,
				41A25D4028CA6E0000315714 /* MockNetworking.swift */,
				41A25D4228CA706700315714 /* CountdownTimer.swift */,
			);
			path = "PV Stats";
			sourceTree = "<group>";
		};
		4140145328C70B3200EA5BA1 /* Preview Content */ = {
			isa = PBXGroup;
			children = (
				4140145428C70B3200EA5BA1 /* Preview Assets.xcassets */,
			);
			path = "Preview Content";
			sourceTree = "<group>";
		};
		4140146328C7146B00EA5BA1 /* NetworkModels */ = {
			isa = PBXGroup;
			children = (
				4140146128C7146300EA5BA1 /* Auth.swift */,
				4140146428C714C000EA5BA1 /* Report.swift */,
				4140146E28C77A3100EA5BA1 /* BatteryResponse.swift */,
				41D7B12328C86E4000E14144 /* RawResponse.swift */,
			);
			path = NetworkModels;
			sourceTree = "<group>";
		};
		4140146728C7373A00EA5BA1 /* Models */ = {
			isa = PBXGroup;
			children = (
				4140146828C7374400EA5BA1 /* HistoricalViewModel.swift */,
				4140147028C77AAA00EA5BA1 /* BatteryViewModel.swift */,
			);
			path = Models;
			sourceTree = "<group>";
		};
		41A25D3A28CA5CB700315714 /* Summary */ = {
			isa = PBXGroup;
			children = (
				4107446B28CA57A9006D5D7D /* SummaryTabView.swift */,
				4140145B28C70B4A00EA5BA1 /* SummaryTabViewModel.swift */,
				4107446028C9EF6B006D5D7D /* PowerSummaryView.swift */,
				4107446228CA1C5D006D5D7D /* PowerFlowView.swift */,
				4107446428CA1D76006D5D7D /* DirectionalArrow.swift */,
				4107446628CA22B3006D5D7D /* InverterPath.swift */,
				4107446828CA42D2006D5D7D /* PylonView.swift */,
			);
			path = Summary;
			sourceTree = "<group>";
		};
		41A25D3B28CA5CBD00315714 /* Graphs */ = {
			isa = PBXGroup;
			children = (
				4140146A28C7589800EA5BA1 /* CircularProgressView.swift */,
				4140146C28C75C3B00EA5BA1 /* PowerGraph.swift */,
				41A25D3C28CA5CDF00315714 /* GraphTabView.swift */,
				41A25D3E28CA5CFB00315714 /* GraphTabViewModel.swift */,
			);
			path = Graphs;
			sourceTree = "<group>";
		};
/* End PBXGroup section */

/* Begin PBXNativeTarget section */
		4140144928C70B3200EA5BA1 /* PV Stats */ = {
			isa = PBXNativeTarget;
			buildConfigurationList = 4140145828C70B3200EA5BA1 /* Build configuration list for PBXNativeTarget "PV Stats" */;
			buildPhases = (
				4140144628C70B3200EA5BA1 /* Sources */,
				4140144728C70B3200EA5BA1 /* Frameworks */,
				4140144828C70B3200EA5BA1 /* Resources */,
			);
			buildRules = (
			);
			dependencies = (
			);
			name = "PV Stats";
			productName = "PV Stats";
			productReference = 4140144A28C70B3200EA5BA1 /* PV Stats.app */;
			productType = "com.apple.product-type.application";
		};
/* End PBXNativeTarget section */

/* Begin PBXProject section */
		4140144228C70B3200EA5BA1 /* Project object */ = {
			isa = PBXProject;
			attributes = {
				BuildIndependentTargetsInParallel = 1;
				LastSwiftUpdateCheck = 1400;
				LastUpgradeCheck = 1400;
				TargetAttributes = {
					4140144928C70B3200EA5BA1 = {
						CreatedOnToolsVersion = 14.0;
					};
				};
			};
			buildConfigurationList = 4140144528C70B3200EA5BA1 /* Build configuration list for PBXProject "PV Stats" */;
			compatibilityVersion = "Xcode 14.0";
			developmentRegion = en;
			hasScannedForEncodings = 0;
			knownRegions = (
				en,
				Base,
			);
			mainGroup = 4140144128C70B3200EA5BA1;
			productRefGroup = 4140144B28C70B3200EA5BA1 /* Products */;
			projectDirPath = "";
			projectRoot = "";
			targets = (
				4140144928C70B3200EA5BA1 /* PV Stats */,
			);
		};
/* End PBXProject section */

/* Begin PBXResourcesBuildPhase section */
		4140144828C70B3200EA5BA1 /* Resources */ = {
			isa = PBXResourcesBuildPhase;
			buildActionMask = 2147483647;
			files = (
				4140145528C70B3200EA5BA1 /* Preview Assets.xcassets in Resources */,
				4140145228C70B3200EA5BA1 /* Assets.xcassets in Resources */,
			);
			runOnlyForDeploymentPostprocessing = 0;
		};
/* End PBXResourcesBuildPhase section */

/* Begin PBXSourcesBuildPhase section */
		4140144628C70B3200EA5BA1 /* Sources */ = {
			isa = PBXSourcesBuildPhase;
			buildActionMask = 2147483647;
			files = (
				4107446C28CA57A9006D5D7D /* SummaryTabView.swift in Sources */,
				4140145028C70B3200EA5BA1 /* ContentView.swift in Sources */,
				41A25D4328CA706700315714 /* CountdownTimer.swift in Sources */,
				4140146B28C7589800EA5BA1 /* CircularProgressView.swift in Sources */,
				4140146028C70D4700EA5BA1 /* Networking.swift in Sources */,
				4140146528C714C000EA5BA1 /* Report.swift in Sources */,
				41A25D3D28CA5CDF00315714 /* GraphTabView.swift in Sources */,
				4140146D28C75C3B00EA5BA1 /* PowerGraph.swift in Sources */,
				4140146928C7374400EA5BA1 /* HistoricalViewModel.swift in Sources */,
				4140145E28C70D1400EA5BA1 /* Config.swift in Sources */,
				41A25D4128CA6E0000315714 /* MockNetworking.swift in Sources */,
				4140144E28C70B3200EA5BA1 /* PV_StatsApp.swift in Sources */,
				4140147128C77AAA00EA5BA1 /* BatteryViewModel.swift in Sources */,
				41D7B12428C86E4000E14144 /* RawResponse.swift in Sources */,
				4140145C28C70B4A00EA5BA1 /* SummaryTabViewModel.swift in Sources */,
				4140146228C7146300EA5BA1 /* Auth.swift in Sources */,
				4140146F28C77A3100EA5BA1 /* BatteryResponse.swift in Sources */,
				4107446528CA1D76006D5D7D /* DirectionalArrow.swift in Sources */,
				4107446328CA1C5D006D5D7D /* PowerFlowView.swift in Sources */,
				41A25D3F28CA5CFB00315714 /* GraphTabViewModel.swift in Sources */,
				4107446128C9EF6B006D5D7D /* PowerSummaryView.swift in Sources */,
				4107446928CA42D2006D5D7D /* PylonView.swift in Sources */,
				4107446728CA22B3006D5D7D /* InverterPath.swift in Sources */,
			);
			runOnlyForDeploymentPostprocessing = 0;
		};
/* End PBXSourcesBuildPhase section */

/* Begin XCBuildConfiguration section */
		4140145628C70B3200EA5BA1 /* Debug */ = {
			isa = XCBuildConfiguration;
			buildSettings = {
				ALWAYS_SEARCH_USER_PATHS = NO;
				CLANG_ANALYZER_NONNULL = YES;
				CLANG_ANALYZER_NUMBER_OBJECT_CONVERSION = YES_AGGRESSIVE;
				CLANG_CXX_LANGUAGE_STANDARD = "gnu++20";
				CLANG_ENABLE_MODULES = YES;
				CLANG_ENABLE_OBJC_ARC = YES;
				CLANG_ENABLE_OBJC_WEAK = YES;
				CLANG_WARN_BLOCK_CAPTURE_AUTORELEASING = YES;
				CLANG_WARN_BOOL_CONVERSION = YES;
				CLANG_WARN_COMMA = YES;
				CLANG_WARN_CONSTANT_CONVERSION = YES;
				CLANG_WARN_DEPRECATED_OBJC_IMPLEMENTATIONS = YES;
				CLANG_WARN_DIRECT_OBJC_ISA_USAGE = YES_ERROR;
				CLANG_WARN_DOCUMENTATION_COMMENTS = YES;
				CLANG_WARN_EMPTY_BODY = YES;
				CLANG_WARN_ENUM_CONVERSION = YES;
				CLANG_WARN_INFINITE_RECURSION = YES;
				CLANG_WARN_INT_CONVERSION = YES;
				CLANG_WARN_NON_LITERAL_NULL_CONVERSION = YES;
				CLANG_WARN_OBJC_IMPLICIT_RETAIN_SELF = YES;
				CLANG_WARN_OBJC_LITERAL_CONVERSION = YES;
				CLANG_WARN_OBJC_ROOT_CLASS = YES_ERROR;
				CLANG_WARN_QUOTED_INCLUDE_IN_FRAMEWORK_HEADER = YES;
				CLANG_WARN_RANGE_LOOP_ANALYSIS = YES;
				CLANG_WARN_STRICT_PROTOTYPES = YES;
				CLANG_WARN_SUSPICIOUS_MOVE = YES;
				CLANG_WARN_UNGUARDED_AVAILABILITY = YES_AGGRESSIVE;
				CLANG_WARN_UNREACHABLE_CODE = YES;
				CLANG_WARN__DUPLICATE_METHOD_MATCH = YES;
				COPY_PHASE_STRIP = NO;
				DEBUG_INFORMATION_FORMAT = dwarf;
				ENABLE_STRICT_OBJC_MSGSEND = YES;
				ENABLE_TESTABILITY = YES;
				GCC_C_LANGUAGE_STANDARD = gnu11;
				GCC_DYNAMIC_NO_PIC = NO;
				GCC_NO_COMMON_BLOCKS = YES;
				GCC_OPTIMIZATION_LEVEL = 0;
				GCC_PREPROCESSOR_DEFINITIONS = (
					"DEBUG=1",
					"$(inherited)",
				);
				GCC_WARN_64_TO_32_BIT_CONVERSION = YES;
				GCC_WARN_ABOUT_RETURN_TYPE = YES_ERROR;
				GCC_WARN_UNDECLARED_SELECTOR = YES;
				GCC_WARN_UNINITIALIZED_AUTOS = YES_AGGRESSIVE;
				GCC_WARN_UNUSED_FUNCTION = YES;
				GCC_WARN_UNUSED_VARIABLE = YES;
				IPHONEOS_DEPLOYMENT_TARGET = 16.0;
				MTL_ENABLE_DEBUG_INFO = INCLUDE_SOURCE;
				MTL_FAST_MATH = YES;
				ONLY_ACTIVE_ARCH = YES;
				SDKROOT = iphoneos;
				SWIFT_ACTIVE_COMPILATION_CONDITIONS = DEBUG;
				SWIFT_OPTIMIZATION_LEVEL = "-Onone";
			};
			name = Debug;
		};
		4140145728C70B3200EA5BA1 /* Release */ = {
			isa = XCBuildConfiguration;
			buildSettings = {
				ALWAYS_SEARCH_USER_PATHS = NO;
				CLANG_ANALYZER_NONNULL = YES;
				CLANG_ANALYZER_NUMBER_OBJECT_CONVERSION = YES_AGGRESSIVE;
				CLANG_CXX_LANGUAGE_STANDARD = "gnu++20";
				CLANG_ENABLE_MODULES = YES;
				CLANG_ENABLE_OBJC_ARC = YES;
				CLANG_ENABLE_OBJC_WEAK = YES;
				CLANG_WARN_BLOCK_CAPTURE_AUTORELEASING = YES;
				CLANG_WARN_BOOL_CONVERSION = YES;
				CLANG_WARN_COMMA = YES;
				CLANG_WARN_CONSTANT_CONVERSION = YES;
				CLANG_WARN_DEPRECATED_OBJC_IMPLEMENTATIONS = YES;
				CLANG_WARN_DIRECT_OBJC_ISA_USAGE = YES_ERROR;
				CLANG_WARN_DOCUMENTATION_COMMENTS = YES;
				CLANG_WARN_EMPTY_BODY = YES;
				CLANG_WARN_ENUM_CONVERSION = YES;
				CLANG_WARN_INFINITE_RECURSION = YES;
				CLANG_WARN_INT_CONVERSION = YES;
				CLANG_WARN_NON_LITERAL_NULL_CONVERSION = YES;
				CLANG_WARN_OBJC_IMPLICIT_RETAIN_SELF = YES;
				CLANG_WARN_OBJC_LITERAL_CONVERSION = YES;
				CLANG_WARN_OBJC_ROOT_CLASS = YES_ERROR;
				CLANG_WARN_QUOTED_INCLUDE_IN_FRAMEWORK_HEADER = YES;
				CLANG_WARN_RANGE_LOOP_ANALYSIS = YES;
				CLANG_WARN_STRICT_PROTOTYPES = YES;
				CLANG_WARN_SUSPICIOUS_MOVE = YES;
				CLANG_WARN_UNGUARDED_AVAILABILITY = YES_AGGRESSIVE;
				CLANG_WARN_UNREACHABLE_CODE = YES;
				CLANG_WARN__DUPLICATE_METHOD_MATCH = YES;
				COPY_PHASE_STRIP = NO;
				DEBUG_INFORMATION_FORMAT = "dwarf-with-dsym";
				ENABLE_NS_ASSERTIONS = NO;
				ENABLE_STRICT_OBJC_MSGSEND = YES;
				GCC_C_LANGUAGE_STANDARD = gnu11;
				GCC_NO_COMMON_BLOCKS = YES;
				GCC_WARN_64_TO_32_BIT_CONVERSION = YES;
				GCC_WARN_ABOUT_RETURN_TYPE = YES_ERROR;
				GCC_WARN_UNDECLARED_SELECTOR = YES;
				GCC_WARN_UNINITIALIZED_AUTOS = YES_AGGRESSIVE;
				GCC_WARN_UNUSED_FUNCTION = YES;
				GCC_WARN_UNUSED_VARIABLE = YES;
				IPHONEOS_DEPLOYMENT_TARGET = 16.0;
				MTL_ENABLE_DEBUG_INFO = NO;
				MTL_FAST_MATH = YES;
				SDKROOT = iphoneos;
				SWIFT_COMPILATION_MODE = wholemodule;
				SWIFT_OPTIMIZATION_LEVEL = "-O";
				VALIDATE_PRODUCT = YES;
			};
			name = Release;
		};
		4140145928C70B3200EA5BA1 /* Debug */ = {
			isa = XCBuildConfiguration;
			buildSettings = {
				ASSETCATALOG_COMPILER_APPICON_NAME = AppIcon;
				ASSETCATALOG_COMPILER_GLOBAL_ACCENT_COLOR_NAME = AccentColor;
				CODE_SIGN_STYLE = Automatic;
				CURRENT_PROJECT_VERSION = 1;
				DEVELOPMENT_ASSET_PATHS = "\"PV Stats/Preview Content\"";
				DEVELOPMENT_TEAM = 885RLNNNK2;
				ENABLE_PREVIEWS = YES;
				GENERATE_INFOPLIST_FILE = YES;
				INFOPLIST_KEY_UIApplicationSceneManifest_Generation = YES;
				INFOPLIST_KEY_UIApplicationSupportsIndirectInputEvents = YES;
				INFOPLIST_KEY_UILaunchScreen_Generation = YES;
				INFOPLIST_KEY_UISupportedInterfaceOrientations_iPad = "UIInterfaceOrientationPortrait UIInterfaceOrientationPortraitUpsideDown UIInterfaceOrientationLandscapeLeft UIInterfaceOrientationLandscapeRight";
				INFOPLIST_KEY_UISupportedInterfaceOrientations_iPhone = "UIInterfaceOrientationPortrait UIInterfaceOrientationLandscapeLeft UIInterfaceOrientationLandscapeRight";
				LD_RUNPATH_SEARCH_PATHS = (
					"$(inherited)",
					"@executable_path/Frameworks",
				);
				MARKETING_VERSION = 1.0;
				PRODUCT_BUNDLE_IDENTIFIER = "com.alpriest.PV-Stats";
				PRODUCT_NAME = "$(TARGET_NAME)";
				SWIFT_EMIT_LOC_STRINGS = YES;
				SWIFT_VERSION = 5.0;
				TARGETED_DEVICE_FAMILY = "1,2";
			};
			name = Debug;
		};
		4140145A28C70B3200EA5BA1 /* Release */ = {
			isa = XCBuildConfiguration;
			buildSettings = {
				ASSETCATALOG_COMPILER_APPICON_NAME = AppIcon;
				ASSETCATALOG_COMPILER_GLOBAL_ACCENT_COLOR_NAME = AccentColor;
				CODE_SIGN_STYLE = Automatic;
				CURRENT_PROJECT_VERSION = 1;
				DEVELOPMENT_ASSET_PATHS = "\"PV Stats/Preview Content\"";
				DEVELOPMENT_TEAM = 885RLNNNK2;
				ENABLE_PREVIEWS = YES;
				GENERATE_INFOPLIST_FILE = YES;
				INFOPLIST_KEY_UIApplicationSceneManifest_Generation = YES;
				INFOPLIST_KEY_UIApplicationSupportsIndirectInputEvents = YES;
				INFOPLIST_KEY_UILaunchScreen_Generation = YES;
				INFOPLIST_KEY_UISupportedInterfaceOrientations_iPad = "UIInterfaceOrientationPortrait UIInterfaceOrientationPortraitUpsideDown UIInterfaceOrientationLandscapeLeft UIInterfaceOrientationLandscapeRight";
				INFOPLIST_KEY_UISupportedInterfaceOrientations_iPhone = "UIInterfaceOrientationPortrait UIInterfaceOrientationLandscapeLeft UIInterfaceOrientationLandscapeRight";
				LD_RUNPATH_SEARCH_PATHS = (
					"$(inherited)",
					"@executable_path/Frameworks",
				);
				MARKETING_VERSION = 1.0;
				PRODUCT_BUNDLE_IDENTIFIER = "com.alpriest.PV-Stats";
				PRODUCT_NAME = "$(TARGET_NAME)";
				SWIFT_EMIT_LOC_STRINGS = YES;
				SWIFT_VERSION = 5.0;
				TARGETED_DEVICE_FAMILY = "1,2";
			};
			name = Release;
		};
/* End XCBuildConfiguration section */

/* Begin XCConfigurationList section */
		4140144528C70B3200EA5BA1 /* Build configuration list for PBXProject "PV Stats" */ = {
			isa = XCConfigurationList;
			buildConfigurations = (
				4140145628C70B3200EA5BA1 /* Debug */,
				4140145728C70B3200EA5BA1 /* Release */,
			);
			defaultConfigurationIsVisible = 0;
			defaultConfigurationName = Release;
		};
		4140145828C70B3200EA5BA1 /* Build configuration list for PBXNativeTarget "PV Stats" */ = {
			isa = XCConfigurationList;
			buildConfigurations = (
				4140145928C70B3200EA5BA1 /* Debug */,
				4140145A28C70B3200EA5BA1 /* Release */,
			);
			defaultConfigurationIsVisible = 0;
			defaultConfigurationName = Release;
		};
/* End XCConfigurationList section */
	};
	rootObject = 4140144228C70B3200EA5BA1 /* Project object */;
}
