// !$*UTF8*$!
{
	archiveVersion = 1;
	classes = {
	};
	objectVersion = 56;
	objects = {

/* Begin PBXBuildFile section */
		41028F9528CDD7A300FB70FD /* OptionalView.swift in Sources */ = {isa = PBXBuildFile; fileRef = 41028F9428CDD7A300FB70FD /* OptionalView.swift */; };
		4106A92D28CFCD960009DA28 /* VariableType.swift in Sources */ = {isa = PBXBuildFile; fileRef = 4106A92C28CFCD960009DA28 /* VariableType.swift */; };
		4106A93028D05EC90009DA28 /* Double.swift in Sources */ = {isa = PBXBuildFile; fileRef = 4106A92F28D05EC90009DA28 /* Double.swift */; };
		4107446128C9EF6B006D5D7D /* HomePowerFlowView.swift in Sources */ = {isa = PBXBuildFile; fileRef = 4107446028C9EF6B006D5D7D /* HomePowerFlowView.swift */; };
		4107446328CA1C5D006D5D7D /* PowerFlowView.swift in Sources */ = {isa = PBXBuildFile; fileRef = 4107446228CA1C5D006D5D7D /* PowerFlowView.swift */; };
		4107446528CA1D76006D5D7D /* FlowingLine.swift in Sources */ = {isa = PBXBuildFile; fileRef = 4107446428CA1D76006D5D7D /* FlowingLine.swift */; };
		4107446728CA22B3006D5D7D /* InverterPath.swift in Sources */ = {isa = PBXBuildFile; fileRef = 4107446628CA22B3006D5D7D /* InverterPath.swift */; };
		4107446928CA42D2006D5D7D /* PylonView.swift in Sources */ = {isa = PBXBuildFile; fileRef = 4107446828CA42D2006D5D7D /* PylonView.swift */; };
		4107446C28CA57A9006D5D7D /* PowerFlowTabView.swift in Sources */ = {isa = PBXBuildFile; fileRef = 4107446B28CA57A9006D5D7D /* PowerFlowTabView.swift */; };
		4110065B28E890E40018C3DF /* GraphTabViewModelTests.swift in Sources */ = {isa = PBXBuildFile; fileRef = 4110065A28E890E40018C3DF /* GraphTabViewModelTests.swift */; };
		4127690228EC865000D5A094 /* EnergyAmountView.swift in Sources */ = {isa = PBXBuildFile; fileRef = 4127690128EC865000D5A094 /* EnergyAmountView.swift */; };
		412790FD28E1FAF700D5F993 /* String+MD5.swift in Sources */ = {isa = PBXBuildFile; fileRef = 412790FC28E1FAF700D5F993 /* String+MD5.swift */; };
		412790FF28E1FB9200D5F993 /* UserManagerTests.swift in Sources */ = {isa = PBXBuildFile; fileRef = 412790FE28E1FB9200D5F993 /* UserManagerTests.swift */; };
		4127910228E1FBD300D5F993 /* MockKeychainStore.swift in Sources */ = {isa = PBXBuildFile; fileRef = 4127910128E1FBD300D5F993 /* MockKeychainStore.swift */; };
		4127910428E1FC0200D5F993 /* MockNetworking.swift in Sources */ = {isa = PBXBuildFile; fileRef = 41A25D4028CA6E0000315714 /* MockNetworking.swift */; };
		4127910628E1FC1D00D5F993 /* MockNetworking.swift in Sources */ = {isa = PBXBuildFile; fileRef = 4127910528E1FC1D00D5F993 /* MockNetworking.swift */; };
		4127910828E23D0A00D5F993 /* MockConfig.swift in Sources */ = {isa = PBXBuildFile; fileRef = 4127910728E23D0A00D5F993 /* MockConfig.swift */; };
		4127910B28E241E700D5F993 /* XCTestCase+OHHTTPStubs.swift in Sources */ = {isa = PBXBuildFile; fileRef = 4127910A28E241E700D5F993 /* XCTestCase+OHHTTPStubs.swift */; };
		4127910D28E2442100D5F993 /* Array+Safe.swift in Sources */ = {isa = PBXBuildFile; fileRef = 4127910C28E2442100D5F993 /* Array+Safe.swift */; };
		4127911028E38EFB00D5F993 /* SnapshotTesting in Frameworks */ = {isa = PBXBuildFile; productRef = 4127910F28E38EFB00D5F993 /* SnapshotTesting */; };
		4127911228E38F1400D5F993 /* LoginViewTests.swift in Sources */ = {isa = PBXBuildFile; fileRef = 4127911128E38F1400D5F993 /* LoginViewTests.swift */; };
		4128E4BF28DA507000C1D698 /* Notifications.swift in Sources */ = {isa = PBXBuildFile; fileRef = 4128E4BE28DA507000C1D698 /* Notifications.swift */; };
		4128E4C128DA5F6600C1D698 /* Date.swift in Sources */ = {isa = PBXBuildFile; fileRef = 4128E4C028DA5F6600C1D698 /* Date.swift */; };
		41339C7228CC7B7B0062B976 /* LoginView.swift in Sources */ = {isa = PBXBuildFile; fileRef = 41339C7128CC7B7B0062B976 /* LoginView.swift */; };
		41339C7428CC7BA50062B976 /* KeychainStore.swift in Sources */ = {isa = PBXBuildFile; fileRef = 41339C7328CC7BA50062B976 /* KeychainStore.swift */; };
		4140144E28C70B3200EA5BA1 /* Energy_StatsApp.swift in Sources */ = {isa = PBXBuildFile; fileRef = 4140144D28C70B3200EA5BA1 /* Energy_StatsApp.swift */; };
		4140145028C70B3200EA5BA1 /* TabbedView.swift in Sources */ = {isa = PBXBuildFile; fileRef = 4140144F28C70B3200EA5BA1 /* TabbedView.swift */; };
		4140145228C70B3200EA5BA1 /* Assets.xcassets in Resources */ = {isa = PBXBuildFile; fileRef = 4140145128C70B3200EA5BA1 /* Assets.xcassets */; };
		4140145528C70B3200EA5BA1 /* Preview Assets.xcassets in Resources */ = {isa = PBXBuildFile; fileRef = 4140145428C70B3200EA5BA1 /* Preview Assets.xcassets */; };
		4140145C28C70B4A00EA5BA1 /* PowerFlowTabViewModel.swift in Sources */ = {isa = PBXBuildFile; fileRef = 4140145B28C70B4A00EA5BA1 /* PowerFlowTabViewModel.swift */; };
		4140145E28C70D1400EA5BA1 /* Config.swift in Sources */ = {isa = PBXBuildFile; fileRef = 4140145D28C70D1400EA5BA1 /* Config.swift */; };
		4140146028C70D4700EA5BA1 /* Networking.swift in Sources */ = {isa = PBXBuildFile; fileRef = 4140145F28C70D4700EA5BA1 /* Networking.swift */; };
		4140146228C7146300EA5BA1 /* Auth.swift in Sources */ = {isa = PBXBuildFile; fileRef = 4140146128C7146300EA5BA1 /* Auth.swift */; };
		4140146528C714C000EA5BA1 /* Report.swift in Sources */ = {isa = PBXBuildFile; fileRef = 4140146428C714C000EA5BA1 /* Report.swift */; };
		4140146928C7374400EA5BA1 /* HistoricalViewModel.swift in Sources */ = {isa = PBXBuildFile; fileRef = 4140146828C7374400EA5BA1 /* HistoricalViewModel.swift */; };
		4140146F28C77A3100EA5BA1 /* BatteryResponse.swift in Sources */ = {isa = PBXBuildFile; fileRef = 4140146E28C77A3100EA5BA1 /* BatteryResponse.swift */; };
		4140147128C77AAA00EA5BA1 /* BatteryViewModel.swift in Sources */ = {isa = PBXBuildFile; fileRef = 4140147028C77AAA00EA5BA1 /* BatteryViewModel.swift */; };
		4141B20028D86C7200B60157 /* UserManager.swift in Sources */ = {isa = PBXBuildFile; fileRef = 4141B1FF28D86C7200B60157 /* UserManager.swift */; };
		4141B20228D871B900B60157 /* ContentView.swift in Sources */ = {isa = PBXBuildFile; fileRef = 4141B20128D871B900B60157 /* ContentView.swift */; };
		41777F1528F49C61009944FF /* NetworkFacade.swift in Sources */ = {isa = PBXBuildFile; fileRef = 41777F1428F49C61009944FF /* NetworkFacade.swift */; };
		418EEEB52916843A006A8290 /* View+If.swift in Sources */ = {isa = PBXBuildFile; fileRef = 418EEEB42916843A006A8290 /* View+If.swift */; };
		41923E3C2916B8A800D1A8C5 /* battery-soc-success.json in Resources */ = {isa = PBXBuildFile; fileRef = 41923E3B2916B8A800D1A8C5 /* battery-soc-success.json */; };
		41923E3E2916BC6F00D1A8C5 /* UsageGraphView.swift in Sources */ = {isa = PBXBuildFile; fileRef = 41923E3D2916BC6F00D1A8C5 /* UsageGraphView.swift */; };
		41923E422916BECC00D1A8C5 /* GraphTabViewTests.swift in Sources */ = {isa = PBXBuildFile; fileRef = 41923E412916BECC00D1A8C5 /* GraphTabViewTests.swift */; };
		41A25D3D28CA5CDF00315714 /* GraphTabView.swift in Sources */ = {isa = PBXBuildFile; fileRef = 41A25D3C28CA5CDF00315714 /* GraphTabView.swift */; };
		41A25D3F28CA5CFB00315714 /* GraphTabViewModel.swift in Sources */ = {isa = PBXBuildFile; fileRef = 41A25D3E28CA5CFB00315714 /* GraphTabViewModel.swift */; };
		41A25D4328CA706700315714 /* CountdownTimer.swift in Sources */ = {isa = PBXBuildFile; fileRef = 41A25D4228CA706700315714 /* CountdownTimer.swift */; };
		41AED86A28CDCD94009C6517 /* raw.json in Resources */ = {isa = PBXBuildFile; fileRef = 41AED86928CDCD94009C6517 /* raw.json */; };
		41B690F428DF5C390058126E /* NetworkResponse.swift in Sources */ = {isa = PBXBuildFile; fileRef = 41B690F328DF5C390058126E /* NetworkResponse.swift */; };
		41B690F628E03EA70058126E /* NetworkTests.swift in Sources */ = {isa = PBXBuildFile; fileRef = 41B690F528E03EA70058126E /* NetworkTests.swift */; };
		41B690F928E040060058126E /* OHHTTPStubsSwift in Frameworks */ = {isa = PBXBuildFile; productRef = 41B690F828E040060058126E /* OHHTTPStubsSwift */; };
		41B690FD28E042560058126E /* login-failure.json in Resources */ = {isa = PBXBuildFile; fileRef = 41B690FB28E042560058126E /* login-failure.json */; };
		41B690FE28E042560058126E /* login-success.json in Resources */ = {isa = PBXBuildFile; fileRef = 41B690FC28E042560058126E /* login-success.json */; };
		41B6910128E043A10058126E /* OHHTTPStubs in Frameworks */ = {isa = PBXBuildFile; productRef = 41B6910028E043A10058126E /* OHHTTPStubs */; };
		41B6910528E047DD0058126E /* report-success.json in Resources */ = {isa = PBXBuildFile; fileRef = 41B6910428E047DD0058126E /* report-success.json */; };
		41B6910728E0B5F30058126E /* trylater.json in Resources */ = {isa = PBXBuildFile; fileRef = 41B6910628E0B5F30058126E /* trylater.json */; };
		41B6910928E0BA340058126E /* badtoken.json in Resources */ = {isa = PBXBuildFile; fileRef = 41B6910828E0BA340058126E /* badtoken.json */; };
		41B6910B28E0CD370058126E /* battery-success.json in Resources */ = {isa = PBXBuildFile; fileRef = 41B6910A28E0CD370058126E /* battery-success.json */; };
		41B6910D28E0CD8F0058126E /* raw-success.json in Resources */ = {isa = PBXBuildFile; fileRef = 41B6910C28E0CD8F0058126E /* raw-success.json */; };
		41B6910F28E0CDFC0058126E /* devicelist-success.json in Resources */ = {isa = PBXBuildFile; fileRef = 41B6910E28E0CDFC0058126E /* devicelist-success.json */; };
		41D6496C28DB321600A24B41 /* DeviceList.swift in Sources */ = {isa = PBXBuildFile; fileRef = 41D6496B28DB321600A24B41 /* DeviceList.swift */; };
		41D7B12428C86E4000E14144 /* Raw.swift in Sources */ = {isa = PBXBuildFile; fileRef = 41D7B12328C86E4000E14144 /* Raw.swift */; };
		41E1DFDF28D87781001235B9 /* SettingsTabView.swift in Sources */ = {isa = PBXBuildFile; fileRef = 41E1DFDE28D87781001235B9 /* SettingsTabView.swift */; };
		41E4B30E28DB7511003F7F47 /* BatteryCapacityCalculator.swift in Sources */ = {isa = PBXBuildFile; fileRef = 41E4B30D28DB7511003F7F47 /* BatteryCapacityCalculator.swift */; };
		41E4B31028DB7666003F7F47 /* BatteryPowerView.swift in Sources */ = {isa = PBXBuildFile; fileRef = 41E4B30F28DB7666003F7F47 /* BatteryPowerView.swift */; };
		41E4B31328DB77A3003F7F47 /* HomePowerView.swift in Sources */ = {isa = PBXBuildFile; fileRef = 41E4B31228DB77A3003F7F47 /* HomePowerView.swift */; };
		41E4B31528DB77E8003F7F47 /* GridPowerView.swift in Sources */ = {isa = PBXBuildFile; fileRef = 41E4B31428DB77E8003F7F47 /* GridPowerView.swift */; };
		41EDDF6C28CD2A630092C662 /* HomePowerFlowViewModel.swift in Sources */ = {isa = PBXBuildFile; fileRef = 41EDDF6B28CD2A630092C662 /* HomePowerFlowViewModel.swift */; };
		41EDDF7428CD2ED30092C662 /* Energy_StatsTests.swift in Sources */ = {isa = PBXBuildFile; fileRef = 41EDDF7328CD2ED30092C662 /* Energy_StatsTests.swift */; };
/* End PBXBuildFile section */

/* Begin PBXContainerItemProxy section */
		41EDDF7528CD2ED30092C662 /* PBXContainerItemProxy */ = {
			isa = PBXContainerItemProxy;
			containerPortal = 4140144228C70B3200EA5BA1 /* Project object */;
			proxyType = 1;
			remoteGlobalIDString = 4140144928C70B3200EA5BA1;
			remoteInfo = "Energy Stats";
		};
/* End PBXContainerItemProxy section */

/* Begin PBXFileReference section */
		41028F9428CDD7A300FB70FD /* OptionalView.swift */ = {isa = PBXFileReference; lastKnownFileType = sourcecode.swift; path = OptionalView.swift; sourceTree = "<group>"; };
		4106A92C28CFCD960009DA28 /* VariableType.swift */ = {isa = PBXFileReference; lastKnownFileType = sourcecode.swift; path = VariableType.swift; sourceTree = "<group>"; };
		4106A92F28D05EC90009DA28 /* Double.swift */ = {isa = PBXFileReference; lastKnownFileType = sourcecode.swift; path = Double.swift; sourceTree = "<group>"; };
		4107446028C9EF6B006D5D7D /* HomePowerFlowView.swift */ = {isa = PBXFileReference; lastKnownFileType = sourcecode.swift; path = HomePowerFlowView.swift; sourceTree = "<group>"; };
		4107446228CA1C5D006D5D7D /* PowerFlowView.swift */ = {isa = PBXFileReference; lastKnownFileType = sourcecode.swift; path = PowerFlowView.swift; sourceTree = "<group>"; };
		4107446428CA1D76006D5D7D /* FlowingLine.swift */ = {isa = PBXFileReference; lastKnownFileType = sourcecode.swift; path = FlowingLine.swift; sourceTree = "<group>"; };
		4107446628CA22B3006D5D7D /* InverterPath.swift */ = {isa = PBXFileReference; lastKnownFileType = sourcecode.swift; path = InverterPath.swift; sourceTree = "<group>"; };
		4107446828CA42D2006D5D7D /* PylonView.swift */ = {isa = PBXFileReference; lastKnownFileType = sourcecode.swift; path = PylonView.swift; sourceTree = "<group>"; };
		4107446B28CA57A9006D5D7D /* PowerFlowTabView.swift */ = {isa = PBXFileReference; lastKnownFileType = sourcecode.swift; path = PowerFlowTabView.swift; sourceTree = "<group>"; };
		4110065A28E890E40018C3DF /* GraphTabViewModelTests.swift */ = {isa = PBXFileReference; lastKnownFileType = sourcecode.swift; path = GraphTabViewModelTests.swift; sourceTree = "<group>"; };
		4127690128EC865000D5A094 /* EnergyAmountView.swift */ = {isa = PBXFileReference; lastKnownFileType = sourcecode.swift; path = EnergyAmountView.swift; sourceTree = "<group>"; };
		412790FC28E1FAF700D5F993 /* String+MD5.swift */ = {isa = PBXFileReference; lastKnownFileType = sourcecode.swift; path = "String+MD5.swift"; sourceTree = "<group>"; };
		412790FE28E1FB9200D5F993 /* UserManagerTests.swift */ = {isa = PBXFileReference; lastKnownFileType = sourcecode.swift; path = UserManagerTests.swift; sourceTree = "<group>"; };
		4127910128E1FBD300D5F993 /* MockKeychainStore.swift */ = {isa = PBXFileReference; lastKnownFileType = sourcecode.swift; path = MockKeychainStore.swift; sourceTree = "<group>"; };
		4127910528E1FC1D00D5F993 /* MockNetworking.swift */ = {isa = PBXFileReference; lastKnownFileType = sourcecode.swift; path = MockNetworking.swift; sourceTree = "<group>"; };
		4127910728E23D0A00D5F993 /* MockConfig.swift */ = {isa = PBXFileReference; lastKnownFileType = sourcecode.swift; path = MockConfig.swift; sourceTree = "<group>"; };
		4127910A28E241E700D5F993 /* XCTestCase+OHHTTPStubs.swift */ = {isa = PBXFileReference; lastKnownFileType = sourcecode.swift; path = "XCTestCase+OHHTTPStubs.swift"; sourceTree = "<group>"; };
		4127910C28E2442100D5F993 /* Array+Safe.swift */ = {isa = PBXFileReference; lastKnownFileType = sourcecode.swift; path = "Array+Safe.swift"; sourceTree = "<group>"; };
		4127911128E38F1400D5F993 /* LoginViewTests.swift */ = {isa = PBXFileReference; lastKnownFileType = sourcecode.swift; path = LoginViewTests.swift; sourceTree = "<group>"; };
		4128E4BE28DA507000C1D698 /* Notifications.swift */ = {isa = PBXFileReference; lastKnownFileType = sourcecode.swift; path = Notifications.swift; sourceTree = "<group>"; };
		4128E4C028DA5F6600C1D698 /* Date.swift */ = {isa = PBXFileReference; lastKnownFileType = sourcecode.swift; path = Date.swift; sourceTree = "<group>"; };
		412E3C7D28D2519B004A0DCF /* Energy-Stats-Info.plist */ = {isa = PBXFileReference; lastKnownFileType = text.plist; path = "Energy-Stats-Info.plist"; sourceTree = SOURCE_ROOT; };
		41339C7128CC7B7B0062B976 /* LoginView.swift */ = {isa = PBXFileReference; lastKnownFileType = sourcecode.swift; path = LoginView.swift; sourceTree = "<group>"; };
		41339C7328CC7BA50062B976 /* KeychainStore.swift */ = {isa = PBXFileReference; lastKnownFileType = sourcecode.swift; path = KeychainStore.swift; sourceTree = "<group>"; };
		4140144A28C70B3200EA5BA1 /* Energy Stats.app */ = {isa = PBXFileReference; explicitFileType = wrapper.application; includeInIndex = 0; path = "Energy Stats.app"; sourceTree = BUILT_PRODUCTS_DIR; };
		4140144D28C70B3200EA5BA1 /* Energy_StatsApp.swift */ = {isa = PBXFileReference; lastKnownFileType = sourcecode.swift; path = Energy_StatsApp.swift; sourceTree = "<group>"; };
		4140144F28C70B3200EA5BA1 /* TabbedView.swift */ = {isa = PBXFileReference; lastKnownFileType = sourcecode.swift; path = TabbedView.swift; sourceTree = "<group>"; };
		4140145128C70B3200EA5BA1 /* Assets.xcassets */ = {isa = PBXFileReference; lastKnownFileType = folder.assetcatalog; path = Assets.xcassets; sourceTree = "<group>"; };
		4140145428C70B3200EA5BA1 /* Preview Assets.xcassets */ = {isa = PBXFileReference; lastKnownFileType = folder.assetcatalog; path = "Preview Assets.xcassets"; sourceTree = "<group>"; };
		4140145B28C70B4A00EA5BA1 /* PowerFlowTabViewModel.swift */ = {isa = PBXFileReference; lastKnownFileType = sourcecode.swift; path = PowerFlowTabViewModel.swift; sourceTree = "<group>"; };
		4140145D28C70D1400EA5BA1 /* Config.swift */ = {isa = PBXFileReference; lastKnownFileType = sourcecode.swift; path = Config.swift; sourceTree = "<group>"; };
		4140145F28C70D4700EA5BA1 /* Networking.swift */ = {isa = PBXFileReference; lastKnownFileType = sourcecode.swift; path = Networking.swift; sourceTree = "<group>"; };
		4140146128C7146300EA5BA1 /* Auth.swift */ = {isa = PBXFileReference; lastKnownFileType = sourcecode.swift; path = Auth.swift; sourceTree = "<group>"; };
		4140146428C714C000EA5BA1 /* Report.swift */ = {isa = PBXFileReference; lastKnownFileType = sourcecode.swift; path = Report.swift; sourceTree = "<group>"; };
		4140146828C7374400EA5BA1 /* HistoricalViewModel.swift */ = {isa = PBXFileReference; lastKnownFileType = sourcecode.swift; path = HistoricalViewModel.swift; sourceTree = "<group>"; };
		4140146E28C77A3100EA5BA1 /* BatteryResponse.swift */ = {isa = PBXFileReference; lastKnownFileType = sourcecode.swift; path = BatteryResponse.swift; sourceTree = "<group>"; };
		4140147028C77AAA00EA5BA1 /* BatteryViewModel.swift */ = {isa = PBXFileReference; lastKnownFileType = sourcecode.swift; path = BatteryViewModel.swift; sourceTree = "<group>"; };
		4141B1FF28D86C7200B60157 /* UserManager.swift */ = {isa = PBXFileReference; lastKnownFileType = sourcecode.swift; path = UserManager.swift; sourceTree = "<group>"; };
		4141B20128D871B900B60157 /* ContentView.swift */ = {isa = PBXFileReference; lastKnownFileType = sourcecode.swift; path = ContentView.swift; sourceTree = "<group>"; };
		41777F1428F49C61009944FF /* NetworkFacade.swift */ = {isa = PBXFileReference; lastKnownFileType = sourcecode.swift; path = NetworkFacade.swift; sourceTree = "<group>"; };
		418EEEB42916843A006A8290 /* View+If.swift */ = {isa = PBXFileReference; lastKnownFileType = sourcecode.swift; path = "View+If.swift"; sourceTree = "<group>"; };
		41923E3B2916B8A800D1A8C5 /* battery-soc-success.json */ = {isa = PBXFileReference; fileEncoding = 4; lastKnownFileType = text.json; path = "battery-soc-success.json"; sourceTree = "<group>"; };
		41923E3D2916BC6F00D1A8C5 /* UsageGraphView.swift */ = {isa = PBXFileReference; lastKnownFileType = sourcecode.swift; path = UsageGraphView.swift; sourceTree = "<group>"; };
		41923E412916BECC00D1A8C5 /* GraphTabViewTests.swift */ = {isa = PBXFileReference; lastKnownFileType = sourcecode.swift; path = GraphTabViewTests.swift; sourceTree = "<group>"; };
		41A25D3C28CA5CDF00315714 /* GraphTabView.swift */ = {isa = PBXFileReference; lastKnownFileType = sourcecode.swift; path = GraphTabView.swift; sourceTree = "<group>"; };
		41A25D3E28CA5CFB00315714 /* GraphTabViewModel.swift */ = {isa = PBXFileReference; lastKnownFileType = sourcecode.swift; path = GraphTabViewModel.swift; sourceTree = "<group>"; };
		41A25D4028CA6E0000315714 /* MockNetworking.swift */ = {isa = PBXFileReference; lastKnownFileType = sourcecode.swift; path = MockNetworking.swift; sourceTree = "<group>"; };
		41A25D4228CA706700315714 /* CountdownTimer.swift */ = {isa = PBXFileReference; lastKnownFileType = sourcecode.swift; path = CountdownTimer.swift; sourceTree = "<group>"; };
		41AED86928CDCD94009C6517 /* raw.json */ = {isa = PBXFileReference; lastKnownFileType = text.json; path = raw.json; sourceTree = "<group>"; };
		41B690F328DF5C390058126E /* NetworkResponse.swift */ = {isa = PBXFileReference; lastKnownFileType = sourcecode.swift; path = NetworkResponse.swift; sourceTree = "<group>"; };
		41B690F528E03EA70058126E /* NetworkTests.swift */ = {isa = PBXFileReference; lastKnownFileType = sourcecode.swift; path = NetworkTests.swift; sourceTree = "<group>"; };
		41B690FB28E042560058126E /* login-failure.json */ = {isa = PBXFileReference; fileEncoding = 4; lastKnownFileType = text.json; path = "login-failure.json"; sourceTree = "<group>"; };
		41B690FC28E042560058126E /* login-success.json */ = {isa = PBXFileReference; fileEncoding = 4; lastKnownFileType = text.json; path = "login-success.json"; sourceTree = "<group>"; };
		41B6910428E047DD0058126E /* report-success.json */ = {isa = PBXFileReference; fileEncoding = 4; lastKnownFileType = text.json; path = "report-success.json"; sourceTree = "<group>"; };
		41B6910628E0B5F30058126E /* trylater.json */ = {isa = PBXFileReference; fileEncoding = 4; lastKnownFileType = text.json; path = trylater.json; sourceTree = "<group>"; };
		41B6910828E0BA340058126E /* badtoken.json */ = {isa = PBXFileReference; fileEncoding = 4; lastKnownFileType = text.json; path = badtoken.json; sourceTree = "<group>"; };
		41B6910A28E0CD370058126E /* battery-success.json */ = {isa = PBXFileReference; fileEncoding = 4; lastKnownFileType = text.json; path = "battery-success.json"; sourceTree = "<group>"; };
		41B6910C28E0CD8F0058126E /* raw-success.json */ = {isa = PBXFileReference; fileEncoding = 4; lastKnownFileType = text.json; path = "raw-success.json"; sourceTree = "<group>"; };
		41B6910E28E0CDFC0058126E /* devicelist-success.json */ = {isa = PBXFileReference; fileEncoding = 4; lastKnownFileType = text.json; path = "devicelist-success.json"; sourceTree = "<group>"; };
		41D6496B28DB321600A24B41 /* DeviceList.swift */ = {isa = PBXFileReference; lastKnownFileType = sourcecode.swift; path = DeviceList.swift; sourceTree = "<group>"; };
		41D7B12328C86E4000E14144 /* Raw.swift */ = {isa = PBXFileReference; lastKnownFileType = sourcecode.swift; path = Raw.swift; sourceTree = "<group>"; };
		41E1DFDE28D87781001235B9 /* SettingsTabView.swift */ = {isa = PBXFileReference; lastKnownFileType = sourcecode.swift; path = SettingsTabView.swift; sourceTree = "<group>"; };
		41E4B30D28DB7511003F7F47 /* BatteryCapacityCalculator.swift */ = {isa = PBXFileReference; lastKnownFileType = sourcecode.swift; path = BatteryCapacityCalculator.swift; sourceTree = "<group>"; };
		41E4B30F28DB7666003F7F47 /* BatteryPowerView.swift */ = {isa = PBXFileReference; lastKnownFileType = sourcecode.swift; path = BatteryPowerView.swift; sourceTree = "<group>"; };
		41E4B31228DB77A3003F7F47 /* HomePowerView.swift */ = {isa = PBXFileReference; lastKnownFileType = sourcecode.swift; path = HomePowerView.swift; sourceTree = "<group>"; };
		41E4B31428DB77E8003F7F47 /* GridPowerView.swift */ = {isa = PBXFileReference; lastKnownFileType = sourcecode.swift; path = GridPowerView.swift; sourceTree = "<group>"; };
		41EDDF6B28CD2A630092C662 /* HomePowerFlowViewModel.swift */ = {isa = PBXFileReference; lastKnownFileType = sourcecode.swift; path = HomePowerFlowViewModel.swift; sourceTree = "<group>"; };
		41EDDF7128CD2ED30092C662 /* Energy StatsTests.xctest */ = {isa = PBXFileReference; explicitFileType = wrapper.cfbundle; includeInIndex = 0; path = "Energy StatsTests.xctest"; sourceTree = BUILT_PRODUCTS_DIR; };
		41EDDF7328CD2ED30092C662 /* Energy_StatsTests.swift */ = {isa = PBXFileReference; lastKnownFileType = sourcecode.swift; path = Energy_StatsTests.swift; sourceTree = "<group>"; };
/* End PBXFileReference section */

/* Begin PBXFrameworksBuildPhase section */
		4140144728C70B3200EA5BA1 /* Frameworks */ = {
			isa = PBXFrameworksBuildPhase;
			buildActionMask = 2147483647;
			files = (
				41B6910128E043A10058126E /* OHHTTPStubs in Frameworks */,
			);
			runOnlyForDeploymentPostprocessing = 0;
		};
		41EDDF6E28CD2ED30092C662 /* Frameworks */ = {
			isa = PBXFrameworksBuildPhase;
			buildActionMask = 2147483647;
			files = (
				41B690F928E040060058126E /* OHHTTPStubsSwift in Frameworks */,
				4127911028E38EFB00D5F993 /* SnapshotTesting in Frameworks */,
			);
			runOnlyForDeploymentPostprocessing = 0;
		};
/* End PBXFrameworksBuildPhase section */

/* Begin PBXGroup section */
		4106A92E28D05EC10009DA28 /* Extensions */ = {
			isa = PBXGroup;
			children = (
				4106A92F28D05EC90009DA28 /* Double.swift */,
				4128E4BE28DA507000C1D698 /* Notifications.swift */,
				4128E4C028DA5F6600C1D698 /* Date.swift */,
				412790FC28E1FAF700D5F993 /* String+MD5.swift */,
				418EEEB42916843A006A8290 /* View+If.swift */,
			);
			path = Extensions;
			sourceTree = "<group>";
		};
		4107446A28CA57A1006D5D7D /* Tabs */ = {
			isa = PBXGroup;
			children = (
				41E1DFDD28D87778001235B9 /* Settings */,
				41A25D3B28CA5CBD00315714 /* Graphs */,
				41A25D3A28CA5CB700315714 /* Power Flow */,
			);
			path = Tabs;
			sourceTree = "<group>";
		};
		4110065928E890D50018C3DF /* Tabs */ = {
			isa = PBXGroup;
			children = (
				4110065A28E890E40018C3DF /* GraphTabViewModelTests.swift */,
				41923E412916BECC00D1A8C5 /* GraphTabViewTests.swift */,
			);
			path = Tabs;
			sourceTree = "<group>";
		};
		4127910028E1FBCC00D5F993 /* Mocks */ = {
			isa = PBXGroup;
			children = (
				4127910128E1FBD300D5F993 /* MockKeychainStore.swift */,
				4127910528E1FC1D00D5F993 /* MockNetworking.swift */,
				4127910728E23D0A00D5F993 /* MockConfig.swift */,
			);
			path = Mocks;
			sourceTree = "<group>";
		};
		4127910928E241D900D5F993 /* Extensions */ = {
			isa = PBXGroup;
			children = (
				4127910A28E241E700D5F993 /* XCTestCase+OHHTTPStubs.swift */,
				4127910C28E2442100D5F993 /* Array+Safe.swift */,
			);
			path = Extensions;
			sourceTree = "<group>";
		};
		4140144128C70B3200EA5BA1 = {
			isa = PBXGroup;
			children = (
				4140144C28C70B3200EA5BA1 /* Energy Stats */,
				41EDDF7228CD2ED30092C662 /* Energy StatsTests */,
				4140144B28C70B3200EA5BA1 /* Products */,
				41B690FF28E043A10058126E /* Frameworks */,
			);
			sourceTree = "<group>";
		};
		4140144B28C70B3200EA5BA1 /* Products */ = {
			isa = PBXGroup;
			children = (
				4140144A28C70B3200EA5BA1 /* Energy Stats.app */,
				41EDDF7128CD2ED30092C662 /* Energy StatsTests.xctest */,
			);
			name = Products;
			sourceTree = "<group>";
		};
		4140144C28C70B3200EA5BA1 /* Energy Stats */ = {
			isa = PBXGroup;
			children = (
				4140145128C70B3200EA5BA1 /* Assets.xcassets */,
				4141B20128D871B900B60157 /* ContentView.swift */,
				41A25D4228CA706700315714 /* CountdownTimer.swift */,
				4140144D28C70B3200EA5BA1 /* Energy_StatsApp.swift */,
				412E3C7D28D2519B004A0DCF /* Energy-Stats-Info.plist */,
				4106A92E28D05EC10009DA28 /* Extensions */,
				4141B1FE28D86C5B00B60157 /* Login */,
				4140146728C7373A00EA5BA1 /* Models */,
				41E4B30C28DB670C003F7F47 /* Network */,
				41028F9428CDD7A300FB70FD /* OptionalView.swift */,
				41A25D4028CA6E0000315714 /* MockNetworking.swift */,
				4140145328C70B3200EA5BA1 /* Preview Content */,
				4140144F28C70B3200EA5BA1 /* TabbedView.swift */,
				4107446A28CA57A1006D5D7D /* Tabs */,
			);
			path = "Energy Stats";
			sourceTree = "<group>";
		};
		4140145328C70B3200EA5BA1 /* Preview Content */ = {
			isa = PBXGroup;
			children = (
				4140145428C70B3200EA5BA1 /* Preview Assets.xcassets */,
				41AED86928CDCD94009C6517 /* raw.json */,
			);
			path = "Preview Content";
			sourceTree = "<group>";
		};
		4140146328C7146B00EA5BA1 /* NetworkModels */ = {
			isa = PBXGroup;
			children = (
				4140146128C7146300EA5BA1 /* Auth.swift */,
				4140146428C714C000EA5BA1 /* Report.swift */,
				4140146E28C77A3100EA5BA1 /* BatteryResponse.swift */,
				41D7B12328C86E4000E14144 /* Raw.swift */,
				41D6496B28DB321600A24B41 /* DeviceList.swift */,
				41B690F328DF5C390058126E /* NetworkResponse.swift */,
			);
			path = NetworkModels;
			sourceTree = "<group>";
		};
		4140146728C7373A00EA5BA1 /* Models */ = {
			isa = PBXGroup;
			children = (
				4140145D28C70D1400EA5BA1 /* Config.swift */,
				4106A92C28CFCD960009DA28 /* VariableType.swift */,
			);
			path = Models;
			sourceTree = "<group>";
		};
		4141B1FE28D86C5B00B60157 /* Login */ = {
			isa = PBXGroup;
			children = (
				41339C7128CC7B7B0062B976 /* LoginView.swift */,
				41339C7328CC7BA50062B976 /* KeychainStore.swift */,
				4141B1FF28D86C7200B60157 /* UserManager.swift */,
			);
			path = Login;
			sourceTree = "<group>";
		};
		41A25D3A28CA5CB700315714 /* Power Flow */ = {
			isa = PBXGroup;
			children = (
				41E4B30D28DB7511003F7F47 /* BatteryCapacityCalculator.swift */,
				4140147028C77AAA00EA5BA1 /* BatteryViewModel.swift */,
				4107446428CA1D76006D5D7D /* FlowingLine.swift */,
				4140146828C7374400EA5BA1 /* HistoricalViewModel.swift */,
				4107446028C9EF6B006D5D7D /* HomePowerFlowView.swift */,
				41EDDF6B28CD2A630092C662 /* HomePowerFlowViewModel.swift */,
				4107446628CA22B3006D5D7D /* InverterPath.swift */,
				41E4B31128DB7799003F7F47 /* Power Views */,
				4107446B28CA57A9006D5D7D /* PowerFlowTabView.swift */,
				4140145B28C70B4A00EA5BA1 /* PowerFlowTabViewModel.swift */,
				4107446228CA1C5D006D5D7D /* PowerFlowView.swift */,
				4107446828CA42D2006D5D7D /* PylonView.swift */,
				4127690128EC865000D5A094 /* EnergyAmountView.swift */,
			);
			path = "Power Flow";
			sourceTree = "<group>";
		};
		41A25D3B28CA5CBD00315714 /* Graphs */ = {
			isa = PBXGroup;
			children = (
				41A25D3C28CA5CDF00315714 /* GraphTabView.swift */,
				41A25D3E28CA5CFB00315714 /* GraphTabViewModel.swift */,
				41923E3D2916BC6F00D1A8C5 /* UsageGraphView.swift */,
			);
			path = Graphs;
			sourceTree = "<group>";
		};
		41B690FA28E041E00058126E /* Responses */ = {
			isa = PBXGroup;
			children = (
				41923E3B2916B8A800D1A8C5 /* battery-soc-success.json */,
				41B6910E28E0CDFC0058126E /* devicelist-success.json */,
				41B6910C28E0CD8F0058126E /* raw-success.json */,
				41B6910A28E0CD370058126E /* battery-success.json */,
				41B6910828E0BA340058126E /* badtoken.json */,
				41B6910628E0B5F30058126E /* trylater.json */,
				41B6910428E047DD0058126E /* report-success.json */,
				41B690FB28E042560058126E /* login-failure.json */,
				41B690FC28E042560058126E /* login-success.json */,
			);
			path = Responses;
			sourceTree = "<group>";
		};
		41B690FF28E043A10058126E /* Frameworks */ = {
			isa = PBXGroup;
			children = (
			);
			name = Frameworks;
			sourceTree = "<group>";
		};
		41E1DFDD28D87778001235B9 /* Settings */ = {
			isa = PBXGroup;
			children = (
				41E1DFDE28D87781001235B9 /* SettingsTabView.swift */,
			);
			path = Settings;
			sourceTree = "<group>";
		};
		41E4B30C28DB670C003F7F47 /* Network */ = {
			isa = PBXGroup;
			children = (
				4140146328C7146B00EA5BA1 /* NetworkModels */,
				4140145F28C70D4700EA5BA1 /* Networking.swift */,
				41777F1428F49C61009944FF /* NetworkFacade.swift */,
			);
			path = Network;
			sourceTree = "<group>";
		};
		41E4B31128DB7799003F7F47 /* Power Views */ = {
			isa = PBXGroup;
			children = (
				41E4B30F28DB7666003F7F47 /* BatteryPowerView.swift */,
				41E4B31228DB77A3003F7F47 /* HomePowerView.swift */,
				41E4B31428DB77E8003F7F47 /* GridPowerView.swift */,
			);
			path = "Power Views";
			sourceTree = "<group>";
		};
		41EDDF7228CD2ED30092C662 /* Energy StatsTests */ = {
			isa = PBXGroup;
			children = (
				41EDDF7328CD2ED30092C662 /* Energy_StatsTests.swift */,
				4127910928E241D900D5F993 /* Extensions */,
				4127911128E38F1400D5F993 /* LoginViewTests.swift */,
				4127910028E1FBCC00D5F993 /* Mocks */,
				41B690F528E03EA70058126E /* NetworkTests.swift */,
				41B690FA28E041E00058126E /* Responses */,
				4110065928E890D50018C3DF /* Tabs */,
				412790FE28E1FB9200D5F993 /* UserManagerTests.swift */,
			);
			path = "Energy StatsTests";
			sourceTree = "<group>";
		};
/* End PBXGroup section */

/* Begin PBXNativeTarget section */
		4140144928C70B3200EA5BA1 /* Energy Stats */ = {
			isa = PBXNativeTarget;
			buildConfigurationList = 4140145828C70B3200EA5BA1 /* Build configuration list for PBXNativeTarget "Energy Stats" */;
			buildPhases = (
				4140144628C70B3200EA5BA1 /* Sources */,
				4140144728C70B3200EA5BA1 /* Frameworks */,
				4140144828C70B3200EA5BA1 /* Resources */,
			);
			buildRules = (
			);
			dependencies = (
			);
			name = "Energy Stats";
			packageProductDependencies = (
				41B6910028E043A10058126E /* OHHTTPStubs */,
			);
			productName = "PV Stats";
			productReference = 4140144A28C70B3200EA5BA1 /* Energy Stats.app */;
			productType = "com.apple.product-type.application";
		};
		41EDDF7028CD2ED30092C662 /* Energy StatsTests */ = {
			isa = PBXNativeTarget;
			buildConfigurationList = 41EDDF7728CD2ED30092C662 /* Build configuration list for PBXNativeTarget "Energy StatsTests" */;
			buildPhases = (
				41EDDF6D28CD2ED30092C662 /* Sources */,
				41EDDF6E28CD2ED30092C662 /* Frameworks */,
				41EDDF6F28CD2ED30092C662 /* Resources */,
			);
			buildRules = (
			);
			dependencies = (
				41EDDF7628CD2ED30092C662 /* PBXTargetDependency */,
			);
			name = "Energy StatsTests";
			packageProductDependencies = (
				41B690F828E040060058126E /* OHHTTPStubsSwift */,
				4127910F28E38EFB00D5F993 /* SnapshotTesting */,
			);
			productName = "Energy StatsTests";
			productReference = 41EDDF7128CD2ED30092C662 /* Energy StatsTests.xctest */;
			productType = "com.apple.product-type.bundle.unit-test";
		};
/* End PBXNativeTarget section */

/* Begin PBXProject section */
		4140144228C70B3200EA5BA1 /* Project object */ = {
			isa = PBXProject;
			attributes = {
				BuildIndependentTargetsInParallel = 1;
				LastSwiftUpdateCheck = 1400;
				LastUpgradeCheck = 1400;
				TargetAttributes = {
					4140144928C70B3200EA5BA1 = {
						CreatedOnToolsVersion = 14.0;
					};
					41EDDF7028CD2ED30092C662 = {
						CreatedOnToolsVersion = 14.0;
						TestTargetID = 4140144928C70B3200EA5BA1;
					};
				};
			};
			buildConfigurationList = 4140144528C70B3200EA5BA1 /* Build configuration list for PBXProject "Energy Stats" */;
			compatibilityVersion = "Xcode 14.0";
			developmentRegion = en;
			hasScannedForEncodings = 0;
			knownRegions = (
				en,
				Base,
			);
			mainGroup = 4140144128C70B3200EA5BA1;
			packageReferences = (
				41B690F728E040060058126E /* XCRemoteSwiftPackageReference "OHHTTPStubs" */,
				4127910E28E38EFB00D5F993 /* XCRemoteSwiftPackageReference "swift-snapshot-testing" */,
			);
			productRefGroup = 4140144B28C70B3200EA5BA1 /* Products */;
			projectDirPath = "";
			projectRoot = "";
			targets = (
				4140144928C70B3200EA5BA1 /* Energy Stats */,
				41EDDF7028CD2ED30092C662 /* Energy StatsTests */,
			);
		};
/* End PBXProject section */

/* Begin PBXResourcesBuildPhase section */
		4140144828C70B3200EA5BA1 /* Resources */ = {
			isa = PBXResourcesBuildPhase;
			buildActionMask = 2147483647;
			files = (
				4140145528C70B3200EA5BA1 /* Preview Assets.xcassets in Resources */,
				4140145228C70B3200EA5BA1 /* Assets.xcassets in Resources */,
				41AED86A28CDCD94009C6517 /* raw.json in Resources */,
			);
			runOnlyForDeploymentPostprocessing = 0;
		};
		41EDDF6F28CD2ED30092C662 /* Resources */ = {
			isa = PBXResourcesBuildPhase;
			buildActionMask = 2147483647;
			files = (
				41923E3C2916B8A800D1A8C5 /* battery-soc-success.json in Resources */,
				41B6910728E0B5F30058126E /* trylater.json in Resources */,
				41B6910F28E0CDFC0058126E /* devicelist-success.json in Resources */,
				41B690FD28E042560058126E /* login-failure.json in Resources */,
				41B6910D28E0CD8F0058126E /* raw-success.json in Resources */,
				41B6910528E047DD0058126E /* report-success.json in Resources */,
				41B690FE28E042560058126E /* login-success.json in Resources */,
				41B6910928E0BA340058126E /* badtoken.json in Resources */,
				41B6910B28E0CD370058126E /* battery-success.json in Resources */,
			);
			runOnlyForDeploymentPostprocessing = 0;
		};
/* End PBXResourcesBuildPhase section */

/* Begin PBXSourcesBuildPhase section */
		4140144628C70B3200EA5BA1 /* Sources */ = {
			isa = PBXSourcesBuildPhase;
			buildActionMask = 2147483647;
			files = (
				4107446C28CA57A9006D5D7D /* PowerFlowTabView.swift in Sources */,
				41B690F428DF5C390058126E /* NetworkResponse.swift in Sources */,
				4127690228EC865000D5A094 /* EnergyAmountView.swift in Sources */,
				418EEEB52916843A006A8290 /* View+If.swift in Sources */,
				4140145028C70B3200EA5BA1 /* TabbedView.swift in Sources */,
				41339C7428CC7BA50062B976 /* KeychainStore.swift in Sources */,
				41A25D4328CA706700315714 /* CountdownTimer.swift in Sources */,
				41D6496C28DB321600A24B41 /* DeviceList.swift in Sources */,
				4141B20028D86C7200B60157 /* UserManager.swift in Sources */,
				4140146028C70D4700EA5BA1 /* Networking.swift in Sources */,
				41028F9528CDD7A300FB70FD /* OptionalView.swift in Sources */,
				41EDDF6C28CD2A630092C662 /* HomePowerFlowViewModel.swift in Sources */,
				4140146528C714C000EA5BA1 /* Report.swift in Sources */,
				41339C7228CC7B7B0062B976 /* LoginView.swift in Sources */,
				41E4B31528DB77E8003F7F47 /* GridPowerView.swift in Sources */,
				4141B20228D871B900B60157 /* ContentView.swift in Sources */,
				41E4B31328DB77A3003F7F47 /* HomePowerView.swift in Sources */,
				41A25D3D28CA5CDF00315714 /* GraphTabView.swift in Sources */,
				4140146928C7374400EA5BA1 /* HistoricalViewModel.swift in Sources */,
				4140145E28C70D1400EA5BA1 /* Config.swift in Sources */,
				41E4B31028DB7666003F7F47 /* BatteryPowerView.swift in Sources */,
				4140144E28C70B3200EA5BA1 /* Energy_StatsApp.swift in Sources */,
				4140147128C77AAA00EA5BA1 /* BatteryViewModel.swift in Sources */,
				4106A92D28CFCD960009DA28 /* VariableType.swift in Sources */,
				41E4B30E28DB7511003F7F47 /* BatteryCapacityCalculator.swift in Sources */,
				41D7B12428C86E4000E14144 /* Raw.swift in Sources */,
				4140145C28C70B4A00EA5BA1 /* PowerFlowTabViewModel.swift in Sources */,
				4140146228C7146300EA5BA1 /* Auth.swift in Sources */,
				4128E4C128DA5F6600C1D698 /* Date.swift in Sources */,
				4140146F28C77A3100EA5BA1 /* BatteryResponse.swift in Sources */,
				4128E4BF28DA507000C1D698 /* Notifications.swift in Sources */,
				4107446528CA1D76006D5D7D /* FlowingLine.swift in Sources */,
				41E1DFDF28D87781001235B9 /* SettingsTabView.swift in Sources */,
				4127910428E1FC0200D5F993 /* MockNetworking.swift in Sources */,
				4107446328CA1C5D006D5D7D /* PowerFlowView.swift in Sources */,
				41A25D3F28CA5CFB00315714 /* GraphTabViewModel.swift in Sources */,
				4107446128C9EF6B006D5D7D /* HomePowerFlowView.swift in Sources */,
				4107446928CA42D2006D5D7D /* PylonView.swift in Sources */,
				41777F1528F49C61009944FF /* NetworkFacade.swift in Sources */,
				4106A93028D05EC90009DA28 /* Double.swift in Sources */,
				41923E3E2916BC6F00D1A8C5 /* UsageGraphView.swift in Sources */,
				412790FD28E1FAF700D5F993 /* String+MD5.swift in Sources */,
				4107446728CA22B3006D5D7D /* InverterPath.swift in Sources */,
			);
			runOnlyForDeploymentPostprocessing = 0;
		};
		41EDDF6D28CD2ED30092C662 /* Sources */ = {
			isa = PBXSourcesBuildPhase;
			buildActionMask = 2147483647;
			files = (
				412790FF28E1FB9200D5F993 /* UserManagerTests.swift in Sources */,
				41923E422916BECC00D1A8C5 /* GraphTabViewTests.swift in Sources */,
				4127911228E38F1400D5F993 /* LoginViewTests.swift in Sources */,
				4127910228E1FBD300D5F993 /* MockKeychainStore.swift in Sources */,
				4127910B28E241E700D5F993 /* XCTestCase+OHHTTPStubs.swift in Sources */,
				4127910628E1FC1D00D5F993 /* MockNetworking.swift in Sources */,
				4110065B28E890E40018C3DF /* GraphTabViewModelTests.swift in Sources */,
				4127910D28E2442100D5F993 /* Array+Safe.swift in Sources */,
				4127910828E23D0A00D5F993 /* MockConfig.swift in Sources */,
				41EDDF7428CD2ED30092C662 /* Energy_StatsTests.swift in Sources */,
				41B690F628E03EA70058126E /* NetworkTests.swift in Sources */,
			);
			runOnlyForDeploymentPostprocessing = 0;
		};
/* End PBXSourcesBuildPhase section */

/* Begin PBXTargetDependency section */
		41EDDF7628CD2ED30092C662 /* PBXTargetDependency */ = {
			isa = PBXTargetDependency;
			target = 4140144928C70B3200EA5BA1 /* Energy Stats */;
			targetProxy = 41EDDF7528CD2ED30092C662 /* PBXContainerItemProxy */;
		};
/* End PBXTargetDependency section */

/* Begin XCBuildConfiguration section */
		4140145628C70B3200EA5BA1 /* Debug */ = {
			isa = XCBuildConfiguration;
			buildSettings = {
				ALWAYS_SEARCH_USER_PATHS = NO;
				CLANG_ANALYZER_NONNULL = YES;
				CLANG_ANALYZER_NUMBER_OBJECT_CONVERSION = YES_AGGRESSIVE;
				CLANG_CXX_LANGUAGE_STANDARD = "gnu++20";
				CLANG_ENABLE_MODULES = YES;
				CLANG_ENABLE_OBJC_ARC = YES;
				CLANG_ENABLE_OBJC_WEAK = YES;
				CLANG_WARN_BLOCK_CAPTURE_AUTORELEASING = YES;
				CLANG_WARN_BOOL_CONVERSION = YES;
				CLANG_WARN_COMMA = YES;
				CLANG_WARN_CONSTANT_CONVERSION = YES;
				CLANG_WARN_DEPRECATED_OBJC_IMPLEMENTATIONS = YES;
				CLANG_WARN_DIRECT_OBJC_ISA_USAGE = YES_ERROR;
				CLANG_WARN_DOCUMENTATION_COMMENTS = YES;
				CLANG_WARN_EMPTY_BODY = YES;
				CLANG_WARN_ENUM_CONVERSION = YES;
				CLANG_WARN_INFINITE_RECURSION = YES;
				CLANG_WARN_INT_CONVERSION = YES;
				CLANG_WARN_NON_LITERAL_NULL_CONVERSION = YES;
				CLANG_WARN_OBJC_IMPLICIT_RETAIN_SELF = YES;
				CLANG_WARN_OBJC_LITERAL_CONVERSION = YES;
				CLANG_WARN_OBJC_ROOT_CLASS = YES_ERROR;
				CLANG_WARN_QUOTED_INCLUDE_IN_FRAMEWORK_HEADER = YES;
				CLANG_WARN_RANGE_LOOP_ANALYSIS = YES;
				CLANG_WARN_STRICT_PROTOTYPES = YES;
				CLANG_WARN_SUSPICIOUS_MOVE = YES;
				CLANG_WARN_UNGUARDED_AVAILABILITY = YES_AGGRESSIVE;
				CLANG_WARN_UNREACHABLE_CODE = YES;
				CLANG_WARN__DUPLICATE_METHOD_MATCH = YES;
				COPY_PHASE_STRIP = NO;
				DEBUG_INFORMATION_FORMAT = dwarf;
				ENABLE_STRICT_OBJC_MSGSEND = YES;
				ENABLE_TESTABILITY = YES;
				GCC_C_LANGUAGE_STANDARD = gnu11;
				GCC_DYNAMIC_NO_PIC = NO;
				GCC_NO_COMMON_BLOCKS = YES;
				GCC_OPTIMIZATION_LEVEL = 0;
				GCC_PREPROCESSOR_DEFINITIONS = (
					"DEBUG=1",
					"$(inherited)",
				);
				GCC_WARN_64_TO_32_BIT_CONVERSION = YES;
				GCC_WARN_ABOUT_RETURN_TYPE = YES_ERROR;
				GCC_WARN_UNDECLARED_SELECTOR = YES;
				GCC_WARN_UNINITIALIZED_AUTOS = YES_AGGRESSIVE;
				GCC_WARN_UNUSED_FUNCTION = YES;
				GCC_WARN_UNUSED_VARIABLE = YES;
				IPHONEOS_DEPLOYMENT_TARGET = 16.0;
				MTL_ENABLE_DEBUG_INFO = INCLUDE_SOURCE;
				MTL_FAST_MATH = YES;
				ONLY_ACTIVE_ARCH = YES;
				SDKROOT = iphoneos;
				SWIFT_ACTIVE_COMPILATION_CONDITIONS = DEBUG;
				SWIFT_OPTIMIZATION_LEVEL = "-Onone";
			};
			name = Debug;
		};
		4140145728C70B3200EA5BA1 /* Release */ = {
			isa = XCBuildConfiguration;
			buildSettings = {
				ALWAYS_SEARCH_USER_PATHS = NO;
				CLANG_ANALYZER_NONNULL = YES;
				CLANG_ANALYZER_NUMBER_OBJECT_CONVERSION = YES_AGGRESSIVE;
				CLANG_CXX_LANGUAGE_STANDARD = "gnu++20";
				CLANG_ENABLE_MODULES = YES;
				CLANG_ENABLE_OBJC_ARC = YES;
				CLANG_ENABLE_OBJC_WEAK = YES;
				CLANG_WARN_BLOCK_CAPTURE_AUTORELEASING = YES;
				CLANG_WARN_BOOL_CONVERSION = YES;
				CLANG_WARN_COMMA = YES;
				CLANG_WARN_CONSTANT_CONVERSION = YES;
				CLANG_WARN_DEPRECATED_OBJC_IMPLEMENTATIONS = YES;
				CLANG_WARN_DIRECT_OBJC_ISA_USAGE = YES_ERROR;
				CLANG_WARN_DOCUMENTATION_COMMENTS = YES;
				CLANG_WARN_EMPTY_BODY = YES;
				CLANG_WARN_ENUM_CONVERSION = YES;
				CLANG_WARN_INFINITE_RECURSION = YES;
				CLANG_WARN_INT_CONVERSION = YES;
				CLANG_WARN_NON_LITERAL_NULL_CONVERSION = YES;
				CLANG_WARN_OBJC_IMPLICIT_RETAIN_SELF = YES;
				CLANG_WARN_OBJC_LITERAL_CONVERSION = YES;
				CLANG_WARN_OBJC_ROOT_CLASS = YES_ERROR;
				CLANG_WARN_QUOTED_INCLUDE_IN_FRAMEWORK_HEADER = YES;
				CLANG_WARN_RANGE_LOOP_ANALYSIS = YES;
				CLANG_WARN_STRICT_PROTOTYPES = YES;
				CLANG_WARN_SUSPICIOUS_MOVE = YES;
				CLANG_WARN_UNGUARDED_AVAILABILITY = YES_AGGRESSIVE;
				CLANG_WARN_UNREACHABLE_CODE = YES;
				CLANG_WARN__DUPLICATE_METHOD_MATCH = YES;
				COPY_PHASE_STRIP = NO;
				DEBUG_INFORMATION_FORMAT = "dwarf-with-dsym";
				ENABLE_NS_ASSERTIONS = NO;
				ENABLE_STRICT_OBJC_MSGSEND = YES;
				GCC_C_LANGUAGE_STANDARD = gnu11;
				GCC_NO_COMMON_BLOCKS = YES;
				GCC_WARN_64_TO_32_BIT_CONVERSION = YES;
				GCC_WARN_ABOUT_RETURN_TYPE = YES_ERROR;
				GCC_WARN_UNDECLARED_SELECTOR = YES;
				GCC_WARN_UNINITIALIZED_AUTOS = YES_AGGRESSIVE;
				GCC_WARN_UNUSED_FUNCTION = YES;
				GCC_WARN_UNUSED_VARIABLE = YES;
				IPHONEOS_DEPLOYMENT_TARGET = 16.0;
				MTL_ENABLE_DEBUG_INFO = NO;
				MTL_FAST_MATH = YES;
				SDKROOT = iphoneos;
				SWIFT_COMPILATION_MODE = wholemodule;
				SWIFT_OPTIMIZATION_LEVEL = "-O";
				VALIDATE_PRODUCT = YES;
			};
			name = Release;
		};
		4140145928C70B3200EA5BA1 /* Debug */ = {
			isa = XCBuildConfiguration;
			buildSettings = {
				ASSETCATALOG_COMPILER_APPICON_NAME = AppIcon;
				ASSETCATALOG_COMPILER_GLOBAL_ACCENT_COLOR_NAME = AccentColor;
				CODE_SIGN_STYLE = Automatic;
				CURRENT_PROJECT_VERSION = 2;
				DEVELOPMENT_ASSET_PATHS = "\"Energy Stats/Preview Content\"";
				DEVELOPMENT_TEAM = 885RLNNNK2;
				ENABLE_PREVIEWS = YES;
				GENERATE_INFOPLIST_FILE = YES;
				INFOPLIST_FILE = "Energy-Stats-Info.plist";
				INFOPLIST_KEY_UIApplicationSceneManifest_Generation = YES;
				INFOPLIST_KEY_UIApplicationSupportsIndirectInputEvents = YES;
				INFOPLIST_KEY_UILaunchScreen_Generation = YES;
				INFOPLIST_KEY_UISupportedInterfaceOrientations_iPad = "UIInterfaceOrientationPortrait UIInterfaceOrientationPortraitUpsideDown UIInterfaceOrientationLandscapeLeft UIInterfaceOrientationLandscapeRight";
				INFOPLIST_KEY_UISupportedInterfaceOrientations_iPhone = "UIInterfaceOrientationPortrait UIInterfaceOrientationLandscapeLeft UIInterfaceOrientationLandscapeRight";
				LD_RUNPATH_SEARCH_PATHS = (
					"$(inherited)",
					"@executable_path/Frameworks",
				);
				MARKETING_VERSION = 1.0;
				PRODUCT_BUNDLE_IDENTIFIER = com.alpriest.EnergyStats;
				PRODUCT_NAME = "$(TARGET_NAME)";
				SUPPORTED_PLATFORMS = "iphoneos iphonesimulator";
				SUPPORTS_MACCATALYST = NO;
				SUPPORTS_MAC_DESIGNED_FOR_IPHONE_IPAD = NO;
				SWIFT_EMIT_LOC_STRINGS = YES;
				SWIFT_VERSION = 5.0;
				TARGETED_DEVICE_FAMILY = "1,2";
			};
			name = Debug;
		};
		4140145A28C70B3200EA5BA1 /* Release */ = {
			isa = XCBuildConfiguration;
			buildSettings = {
				ASSETCATALOG_COMPILER_APPICON_NAME = AppIcon;
				ASSETCATALOG_COMPILER_GLOBAL_ACCENT_COLOR_NAME = AccentColor;
				CODE_SIGN_STYLE = Automatic;
				CURRENT_PROJECT_VERSION = 2;
				DEVELOPMENT_ASSET_PATHS = "\"Energy Stats/Preview Content\"";
				DEVELOPMENT_TEAM = 885RLNNNK2;
				ENABLE_PREVIEWS = YES;
				GENERATE_INFOPLIST_FILE = YES;
				INFOPLIST_FILE = "Energy-Stats-Info.plist";
				INFOPLIST_KEY_UIApplicationSceneManifest_Generation = YES;
				INFOPLIST_KEY_UIApplicationSupportsIndirectInputEvents = YES;
				INFOPLIST_KEY_UILaunchScreen_Generation = YES;
				INFOPLIST_KEY_UISupportedInterfaceOrientations_iPad = "UIInterfaceOrientationPortrait UIInterfaceOrientationPortraitUpsideDown UIInterfaceOrientationLandscapeLeft UIInterfaceOrientationLandscapeRight";
				INFOPLIST_KEY_UISupportedInterfaceOrientations_iPhone = "UIInterfaceOrientationPortrait UIInterfaceOrientationLandscapeLeft UIInterfaceOrientationLandscapeRight";
				LD_RUNPATH_SEARCH_PATHS = (
					"$(inherited)",
					"@executable_path/Frameworks",
				);
				MARKETING_VERSION = 1.0;
				PRODUCT_BUNDLE_IDENTIFIER = com.alpriest.EnergyStats;
				PRODUCT_NAME = "$(TARGET_NAME)";
				SUPPORTED_PLATFORMS = "iphoneos iphonesimulator";
				SUPPORTS_MACCATALYST = NO;
				SUPPORTS_MAC_DESIGNED_FOR_IPHONE_IPAD = NO;
				SWIFT_EMIT_LOC_STRINGS = YES;
				SWIFT_VERSION = 5.0;
				TARGETED_DEVICE_FAMILY = "1,2";
			};
			name = Release;
		};
		41EDDF7828CD2ED30092C662 /* Debug */ = {
			isa = XCBuildConfiguration;
			buildSettings = {
				BUNDLE_LOADER = "$(TEST_HOST)";
				CODE_SIGN_STYLE = Automatic;
				CURRENT_PROJECT_VERSION = 1;
				DEVELOPMENT_TEAM = 885RLNNNK2;
				GENERATE_INFOPLIST_FILE = YES;
				MARKETING_VERSION = 1.0;
				PRODUCT_BUNDLE_IDENTIFIER = "com.alpriest.Energy-StatsTests";
				PRODUCT_NAME = "$(TARGET_NAME)";
				SWIFT_EMIT_LOC_STRINGS = NO;
				SWIFT_VERSION = 5.0;
				TARGETED_DEVICE_FAMILY = "1,2";
				TEST_HOST = "$(BUILT_PRODUCTS_DIR)/Energy Stats.app/$(BUNDLE_EXECUTABLE_FOLDER_PATH)/Energy Stats";
			};
			name = Debug;
		};
		41EDDF7928CD2ED30092C662 /* Release */ = {
			isa = XCBuildConfiguration;
			buildSettings = {
				BUNDLE_LOADER = "$(TEST_HOST)";
				CODE_SIGN_STYLE = Automatic;
				CURRENT_PROJECT_VERSION = 1;
				DEVELOPMENT_TEAM = 885RLNNNK2;
				GENERATE_INFOPLIST_FILE = YES;
				MARKETING_VERSION = 1.0;
				PRODUCT_BUNDLE_IDENTIFIER = "com.alpriest.Energy-StatsTests";
				PRODUCT_NAME = "$(TARGET_NAME)";
				SWIFT_EMIT_LOC_STRINGS = NO;
				SWIFT_VERSION = 5.0;
				TARGETED_DEVICE_FAMILY = "1,2";
				TEST_HOST = "$(BUILT_PRODUCTS_DIR)/Energy Stats.app/$(BUNDLE_EXECUTABLE_FOLDER_PATH)/Energy Stats";
			};
			name = Release;
		};
/* End XCBuildConfiguration section */

/* Begin XCConfigurationList section */
		4140144528C70B3200EA5BA1 /* Build configuration list for PBXProject "Energy Stats" */ = {
			isa = XCConfigurationList;
			buildConfigurations = (
				4140145628C70B3200EA5BA1 /* Debug */,
				4140145728C70B3200EA5BA1 /* Release */,
			);
			defaultConfigurationIsVisible = 0;
			defaultConfigurationName = Release;
		};
		4140145828C70B3200EA5BA1 /* Build configuration list for PBXNativeTarget "Energy Stats" */ = {
			isa = XCConfigurationList;
			buildConfigurations = (
				4140145928C70B3200EA5BA1 /* Debug */,
				4140145A28C70B3200EA5BA1 /* Release */,
			);
			defaultConfigurationIsVisible = 0;
			defaultConfigurationName = Release;
		};
		41EDDF7728CD2ED30092C662 /* Build configuration list for PBXNativeTarget "Energy StatsTests" */ = {
			isa = XCConfigurationList;
			buildConfigurations = (
				41EDDF7828CD2ED30092C662 /* Debug */,
				41EDDF7928CD2ED30092C662 /* Release */,
			);
			defaultConfigurationIsVisible = 0;
			defaultConfigurationName = Release;
		};
/* End XCConfigurationList section */

/* Begin XCRemoteSwiftPackageReference section */
		4127910E28E38EFB00D5F993 /* XCRemoteSwiftPackageReference "swift-snapshot-testing" */ = {
			isa = XCRemoteSwiftPackageReference;
			repositoryURL = "https://github.com/pointfreeco/swift-snapshot-testing";
			requirement = {
				kind = upToNextMajorVersion;
				minimumVersion = 1.0.0;
			};
		};
		41B690F728E040060058126E /* XCRemoteSwiftPackageReference "OHHTTPStubs" */ = {
			isa = XCRemoteSwiftPackageReference;
			repositoryURL = "https://github.com/AliSoftware/OHHTTPStubs";
			requirement = {
				kind = upToNextMajorVersion;
				minimumVersion = 9.0.0;
			};
		};
/* End XCRemoteSwiftPackageReference section */

/* Begin XCSwiftPackageProductDependency section */
		4127910F28E38EFB00D5F993 /* SnapshotTesting */ = {
			isa = XCSwiftPackageProductDependency;
			package = 4127910E28E38EFB00D5F993 /* XCRemoteSwiftPackageReference "swift-snapshot-testing" */;
			productName = SnapshotTesting;
		};
		41B690F828E040060058126E /* OHHTTPStubsSwift */ = {
			isa = XCSwiftPackageProductDependency;
			package = 41B690F728E040060058126E /* XCRemoteSwiftPackageReference "OHHTTPStubs" */;
			productName = OHHTTPStubsSwift;
		};
		41B6910028E043A10058126E /* OHHTTPStubs */ = {
			isa = XCSwiftPackageProductDependency;
			package = 41B690F728E040060058126E /* XCRemoteSwiftPackageReference "OHHTTPStubs" */;
			productName = OHHTTPStubs;
		};
/* End XCSwiftPackageProductDependency section */
	};
	rootObject = 4140144228C70B3200EA5BA1 /* Project object */;
}
